# This file was autogenerated by Stack.
# You should not edit this file by hand.
# For more information, please see the documentation at:
#   https://docs.haskellstack.org/en/stable/lock_files

packages:
- completed:
    hackage: servant-rawm-server-1.0.0.1@sha256:bdbc14572a3ca58a8468b1ea1ccb160d77aa56702007c19b55e01e0a4a87ef11,1869
    pantry-tree:
      size: 285
      sha256: bcf7ba89ef60c8d02378ceffb32580370a5a97b17fc4edc05ea420d4e8430bc4
  original:
    hackage: servant-rawm-server-1.0.0.1
snapshots:
- completed:
    size: 590100
    url: https://raw.githubusercontent.com/commercialhaskell/stackage-snapshots/master/lts/18/28.yaml
    sha256: 428ec8d5ce932190d3cbe266b9eb3c175cd81e984babf876b64019e2cbe4ea68
  original: lts-18.28
